
Microsoft Visual Studio Solution File, Format Version 12.00
# Visual Studio Version 17
VisualStudioVersion = 17.3.32901.215
MinimumVisualStudioVersion = 10.0.40219.1
Project("{9A19103F-16F7-4668-BE54-9A1E7A4F7556}") = "AoW.WPF", "AccoutingOfWorkwear\AoW.WPF.csproj", "{B88700B4-8F87-4D59-8000-93E7849B200E}"
EndProject
Project("{9A19103F-16F7-4668-BE54-9A1E7A4F7556}") = "AoW.EntityFramework", "AoW.EntityFramework\AoW.EntityFramework.csproj", "{14CB2A61-8110-4A7B-A1DB-03D86EA7DD4B}"
EndProject
Project("{9A19103F-16F7-4668-BE54-9A1E7A4F7556}") = "Test", "Test\Test.csproj", "{CD06028B-1973-4713-B7A0-E64B0A6A69EF}"
EndProject
Project("{9A19103F-16F7-4668-BE54-9A1E7A4F7556}") = "Navigation", "Navigation\Navigation.csproj", "{4016545F-8597-4117-85BB-7044CBC6438E}"
EndProject
Global
	GlobalSection(SolutionConfigurationPlatforms) = preSolution
		Debug|Any CPU = Debug|Any CPU
		Release|Any CPU = Release|Any CPU
	EndGlobalSection
	GlobalSection(ProjectConfigurationPlatforms) = postSolution
		{B88700B4-8F87-4D59-8000-93E7849B200E}.Debug|Any CPU.ActiveCfg = Debug|Any CPU
		{B88700B4-8F87-4D59-8000-93E7849B200E}.Debug|Any CPU.Build.0 = Debug|Any CPU
		{B88700B4-8F87-4D59-8000-93E7849B200E}.Release|Any CPU.ActiveCfg = Release|Any CPU
		{B88700B4-8F87-4D59-8000-93E7849B200E}.Release|Any CPU.Build.0 = Release|Any CPU
		{14CB2A61-8110-4A7B-A1DB-03D86EA7DD4B}.Debug|Any CPU.ActiveCfg = Debug|Any CPU
		{14CB2A61-8110-4A7B-A1DB-03D86EA7DD4B}.Debug|Any CPU.Build.0 = Debug|Any CPU
		{14CB2A61-8110-4A7B-A1DB-03D86EA7DD4B}.Release|Any CPU.ActiveCfg = Release|Any CPU
		{14CB2A61-8110-4A7B-A1DB-03D86EA7DD4B}.Release|Any CPU.Build.0 = Release|Any CPU
		{CD06028B-1973-4713-B7A0-E64B0A6A69EF}.Debug|Any CPU.ActiveCfg = Debug|Any CPU
		{CD06028B-1973-4713-B7A0-E64B0A6A69EF}.Debug|Any CPU.Build.0 = Debug|Any CPU
		{CD06028B-1973-4713-B7A0-E64B0A6A69EF}.Release|Any CPU.ActiveCfg = Release|Any CPU
		{CD06028B-1973-4713-B7A0-E64B0A6A69EF}.Release|Any CPU.Build.0 = Release|Any CPU
		{4016545F-8597-4117-85BB-7044CBC6438E}.Debug|Any CPU.ActiveCfg = Debug|Any CPU
		{4016545F-8597-4117-85BB-7044CBC6438E}.Debug|Any CPU.Build.0 = Debug|Any CPU
		{4016545F-8597-4117-85BB-7044CBC6438E}.Release|Any CPU.ActiveCfg = Release|Any CPU
		{4016545F-8597-4117-85BB-7044CBC6438E}.Release|Any CPU.Build.0 = Release|Any CPU
	EndGlobalSection
	GlobalSection(SolutionProperties) = preSolution
		HideSolutionNode = FALSE
	EndGlobalSection
	GlobalSection(ExtensibilityGlobals) = postSolution
		SolutionGuid = {4BC4C467-4F68-4E1F-81CE-26CE8E5AEB6B}
	EndGlobalSection
EndGlobal
